
Microsoft Visual Studio Solution File, Format Version 12.00
# Visual Studio Version 17
VisualStudioVersion = 17.8.34309.116
MinimumVisualStudioVersion = 10.0.40219.1
Project("{2150E333-8FDC-42A3-9474-1A3956D46DE8}") = "Gateway", "Gateway", "{AD83C5F6-2682-43DA-8368-B5C2925CDFB4}"
EndProject
Project("{2150E333-8FDC-42A3-9474-1A3956D46DE8}") = "Frontend", "Frontend", "{0DE7ACFF-FD5C-4E36-8B32-3558D027D71B}"
EndProject
Project("{2150E333-8FDC-42A3-9474-1A3956D46DE8}") = "Integration", "Integration", "{02B43F25-0AD5-4DC9-A086-BE713E7BFC9B}"
EndProject
Project("{2150E333-8FDC-42A3-9474-1A3956D46DE8}") = "Services", "Services", "{A7DDEF68-5077-431A-A6D9-2E56B27266BB}"
EndProject
Project("{9A19103F-16F7-4668-BE54-9A1E7A4F7556}") = "Mango.Services.CouponAPI", "Mango.Services.CouponAPI\Mango.Services.CouponAPI.csproj", "{B1024C09-77E6-44BA-87B1-8859CC4D75CD}"
EndProject
Project("{9A19103F-16F7-4668-BE54-9A1E7A4F7556}") = "Mango.Web", "Mango.Web\Mango.Web.csproj", "{9A24FDAD-9886-47F1-A0A7-6A58BBC1F015}"
EndProject
Project("{9A19103F-16F7-4668-BE54-9A1E7A4F7556}") = "Mango.Services.AuthAPI", "Mango.Services.AuthAPI\Mango.Services.AuthAPI.csproj", "{AE76DD2C-9073-4E85-B227-AA72398957F3}"
EndProject
Project("{9A19103F-16F7-4668-BE54-9A1E7A4F7556}") = "Mango.MessageBus", "Mango.MessageBus\Mango.MessageBus.csproj", "{DA4F5550-D1DB-42FB-8E6B-17DC786C083C}"
EndProject
Project("{9A19103F-16F7-4668-BE54-9A1E7A4F7556}") = "Mango.Services.EmailAPI", "Mango.Services.EmailAPI\Mango.Services.EmailAPI.csproj", "{BDB763BE-E1EC-46E3-B302-AB52E87A7C4B}"
EndProject
Project("{9A19103F-16F7-4668-BE54-9A1E7A4F7556}") = "Mango.Services.OrderAPI", "Mango.Services.OrderAPI\Mango.Services.OrderAPI.csproj", "{DD756E28-44E5-47CB-BF24-B95F3012BCDF}"
EndProject
Project("{FAE04EC0-301F-11D3-BF4B-00C04F79EFBC}") = "Mango.GatewaySolution", "Mango.GatewaySolution\Mango.GatewaySolution.csproj", "{3B2155F6-2B9B-4714-BF17-9F9B41DF46EB}"
EndProject
Global
	GlobalSection(SolutionConfigurationPlatforms) = preSolution
		Debug|Any CPU = Debug|Any CPU
		Release|Any CPU = Release|Any CPU
	EndGlobalSection
	GlobalSection(ProjectConfigurationPlatforms) = postSolution
		{B1024C09-77E6-44BA-87B1-8859CC4D75CD}.Debug|Any CPU.ActiveCfg = Debug|Any CPU
		{B1024C09-77E6-44BA-87B1-8859CC4D75CD}.Debug|Any CPU.Build.0 = Debug|Any CPU
		{B1024C09-77E6-44BA-87B1-8859CC4D75CD}.Release|Any CPU.ActiveCfg = Release|Any CPU
		{B1024C09-77E6-44BA-87B1-8859CC4D75CD}.Release|Any CPU.Build.0 = Release|Any CPU
		{9A24FDAD-9886-47F1-A0A7-6A58BBC1F015}.Debug|Any CPU.ActiveCfg = Debug|Any CPU
		{9A24FDAD-9886-47F1-A0A7-6A58BBC1F015}.Debug|Any CPU.Build.0 = Debug|Any CPU
		{9A24FDAD-9886-47F1-A0A7-6A58BBC1F015}.Release|Any CPU.ActiveCfg = Release|Any CPU
		{9A24FDAD-9886-47F1-A0A7-6A58BBC1F015}.Release|Any CPU.Build.0 = Release|Any CPU
		{AE76DD2C-9073-4E85-B227-AA72398957F3}.Debug|Any CPU.ActiveCfg = Debug|Any CPU
		{AE76DD2C-9073-4E85-B227-AA72398957F3}.Debug|Any CPU.Build.0 = Debug|Any CPU
		{AE76DD2C-9073-4E85-B227-AA72398957F3}.Release|Any CPU.ActiveCfg = Release|Any CPU
		{AE76DD2C-9073-4E85-B227-AA72398957F3}.Release|Any CPU.Build.0 = Release|Any CPU
		{DA4F5550-D1DB-42FB-8E6B-17DC786C083C}.Debug|Any CPU.ActiveCfg = Debug|Any CPU
		{DA4F5550-D1DB-42FB-8E6B-17DC786C083C}.Debug|Any CPU.Build.0 = Debug|Any CPU
		{DA4F5550-D1DB-42FB-8E6B-17DC786C083C}.Release|Any CPU.ActiveCfg = Release|Any CPU
		{DA4F5550-D1DB-42FB-8E6B-17DC786C083C}.Release|Any CPU.Build.0 = Release|Any CPU
		{BDB763BE-E1EC-46E3-B302-AB52E87A7C4B}.Debug|Any CPU.ActiveCfg = Debug|Any CPU
		{BDB763BE-E1EC-46E3-B302-AB52E87A7C4B}.Debug|Any CPU.Build.0 = Debug|Any CPU
		{BDB763BE-E1EC-46E3-B302-AB52E87A7C4B}.Release|Any CPU.ActiveCfg = Release|Any CPU
		{BDB763BE-E1EC-46E3-B302-AB52E87A7C4B}.Release|Any CPU.Build.0 = Release|Any CPU
		{DD756E28-44E5-47CB-BF24-B95F3012BCDF}.Debug|Any CPU.ActiveCfg = Debug|Any CPU
		{DD756E28-44E5-47CB-BF24-B95F3012BCDF}.Debug|Any CPU.Build.0 = Debug|Any CPU
		{DD756E28-44E5-47CB-BF24-B95F3012BCDF}.Release|Any CPU.ActiveCfg = Release|Any CPU
		{DD756E28-44E5-47CB-BF24-B95F3012BCDF}.Release|Any CPU.Build.0 = Release|Any CPU
		{3B2155F6-2B9B-4714-BF17-9F9B41DF46EB}.Debug|Any CPU.ActiveCfg = Debug|Any CPU
		{3B2155F6-2B9B-4714-BF17-9F9B41DF46EB}.Debug|Any CPU.Build.0 = Debug|Any CPU
		{3B2155F6-2B9B-4714-BF17-9F9B41DF46EB}.Release|Any CPU.ActiveCfg = Release|Any CPU
		{3B2155F6-2B9B-4714-BF17-9F9B41DF46EB}.Release|Any CPU.Build.0 = Release|Any CPU
	EndGlobalSection
	GlobalSection(SolutionProperties) = preSolution
		HideSolutionNode = FALSE
	EndGlobalSection
	GlobalSection(NestedProjects) = preSolution
		{B1024C09-77E6-44BA-87B1-8859CC4D75CD} = {A7DDEF68-5077-431A-A6D9-2E56B27266BB}
		{9A24FDAD-9886-47F1-A0A7-6A58BBC1F015} = {0DE7ACFF-FD5C-4E36-8B32-3558D027D71B}
		{AE76DD2C-9073-4E85-B227-AA72398957F3} = {A7DDEF68-5077-431A-A6D9-2E56B27266BB}
		{DA4F5550-D1DB-42FB-8E6B-17DC786C083C} = {02B43F25-0AD5-4DC9-A086-BE713E7BFC9B}
		{BDB763BE-E1EC-46E3-B302-AB52E87A7C4B} = {A7DDEF68-5077-431A-A6D9-2E56B27266BB}
		{DD756E28-44E5-47CB-BF24-B95F3012BCDF} = {A7DDEF68-5077-431A-A6D9-2E56B27266BB}
		{3B2155F6-2B9B-4714-BF17-9F9B41DF46EB} = {AD83C5F6-2682-43DA-8368-B5C2925CDFB4}
	EndGlobalSection
	GlobalSection(ExtensibilityGlobals) = postSolution
		SolutionGuid = {A43B4E2D-6456-453B-A2CA-87E8A1BF468E}
	EndGlobalSection
EndGlobal
